
Microsoft Visual Studio Solution File, Format Version 12.00
# Visual Studio Version 17
VisualStudioVersion = 17.9.34511.98
MinimumVisualStudioVersion = 10.0.40219.1
Project("{9A19103F-16F7-4668-BE54-9A1E7A4F7556}") = "SelectListDemo", "SelectListDemo.csproj", "{DE8D4E1C-8661-4F66-9688-150919306235}"
EndProject
Global
	GlobalSection(SolutionConfigurationPlatforms) = preSolution
		Debug|Any CPU = Debug|Any CPU
		Release|Any CPU = Release|Any CPU
	EndGlobalSection
	GlobalSection(ProjectConfigurationPlatforms) = postSolution
		{DE8D4E1C-8661-4F66-9688-150919306235}.Debug|Any CPU.ActiveCfg = Debug|Any CPU
		{DE8D4E1C-8661-4F66-9688-150919306235}.Debug|Any CPU.Build.0 = Debug|Any CPU
		{DE8D4E1C-8661-4F66-9688-150919306235}.Release|Any CPU.ActiveCfg = Release|Any CPU
		{DE8D4E1C-8661-4F66-9688-150919306235}.Release|Any CPU.Build.0 = Release|Any CPU
	EndGlobalSection
	GlobalSection(SolutionProperties) = preSolution
		HideSolutionNode = FALSE
	EndGlobalSection
	GlobalSection(ExtensibilityGlobals) = postSolution
		SolutionGuid = {B3D60744-CAB4-46FA-9E19-B9221F577A72}
	EndGlobalSection
EndGlobal
